Microsoft Visual Studio Solution File, Format Version 11.00
# Visual Studio 2008

Project("{B24C8D4D-382E-6EE0-3147-8896D1428395}") = "Worm Pong (NetCentric-05-2016)", "Assembly-CSharp.csproj", "{BB72C04F-7837-41CC-2CE7-41A19E135A15}"
EndProject
Global
	GlobalSection(SolutionConfigurationPlatforms) = preSolution
		Debug|Any CPU = Debug|Any CPU
		Release|Any CPU = Release|Any CPU
	EndGlobalSection
	GlobalSection(ProjectConfigurationPlatforms) = postSolution
		{BB72C04F-7837-41CC-2CE7-41A19E135A15}.Debug|Any CPU.ActiveCfg = Debug|Any CPU
		{BB72C04F-7837-41CC-2CE7-41A19E135A15}.Debug|Any CPU.Build.0 = Debug|Any CPU
		{BB72C04F-7837-41CC-2CE7-41A19E135A15}.Release|Any CPU.ActiveCfg = Release|Any CPU
		{BB72C04F-7837-41CC-2CE7-41A19E135A15}.Release|Any CPU.Build.0 = Release|Any CPU
	EndGlobalSection
	GlobalSection(SolutionProperties) = preSolution
		HideSolutionNode = FALSE
	EndGlobalSection
	GlobalSection(MonoDevelopProperties) = preSolution
		StartupItem = Assembly-CSharp.csproj
	EndGlobalSection
EndGlobal
